
Microsoft Visual Studio Solution File, Format Version 12.00
# Visual Studio Version 16
VisualStudioVersion = 16.0.31025.194
MinimumVisualStudioVersion = 10.0.40219.1
Project("{8BC9CEB8-8B4A-11D0-8D11-00A0C91BC942}") = "Uwp_cppwinrt", "Uwp_cppwinrt\Uwp_cppwinrt.vcxproj", "{F3BDD26F-7791-4135-BA4E-0247DFF199FC}"
EndProject
Project("{8BC9CEB8-8B4A-11D0-8D11-00A0C91BC942}") = "ConsoleApplication_cppwinrt", "ConsoleApplication_cppwinrt\ConsoleApplication_cppwinrt.vcxproj", "{6390F709-75EA-4D03-A99E-AF31E2545E4E}"
EndProject
Project("{C7167F0D-BC9F-4E6E-AFE1-012C56B48DB5}") = "Packaging", "Packaging\Packaging.wapproj", "{BD1E61FB-055D-4EAF-87FE-276D9216F0E8}"
EndProject
Global
	GlobalSection(SolutionConfigurationPlatforms) = preSolution
		Debug|x64 = Debug|x64
		Debug|x86 = Debug|x86
		Release|x64 = Release|x64
		Release|x86 = Release|x86
	EndGlobalSection
	GlobalSection(ProjectConfigurationPlatforms) = postSolution
		{F3BDD26F-7791-4135-BA4E-0247DFF199FC}.Debug|x64.ActiveCfg = Debug|x64
		{F3BDD26F-7791-4135-BA4E-0247DFF199FC}.Debug|x64.Build.0 = Debug|x64
		{F3BDD26F-7791-4135-BA4E-0247DFF199FC}.Debug|x64.Deploy.0 = Debug|x64
		{F3BDD26F-7791-4135-BA4E-0247DFF199FC}.Debug|x86.ActiveCfg = Debug|Win32
		{F3BDD26F-7791-4135-BA4E-0247DFF199FC}.Debug|x86.Build.0 = Debug|Win32
		{F3BDD26F-7791-4135-BA4E-0247DFF199FC}.Debug|x86.Deploy.0 = Debug|Win32
		{F3BDD26F-7791-4135-BA4E-0247DFF199FC}.Release|x64.ActiveCfg = Release|x64
		{F3BDD26F-7791-4135-BA4E-0247DFF199FC}.Release|x64.Build.0 = Release|x64
		{F3BDD26F-7791-4135-BA4E-0247DFF199FC}.Release|x64.Deploy.0 = Release|x64
		{F3BDD26F-7791-4135-BA4E-0247DFF199FC}.Release|x86.ActiveCfg = Release|Win32
		{F3BDD26F-7791-4135-BA4E-0247DFF199FC}.Release|x86.Build.0 = Release|Win32
		{F3BDD26F-7791-4135-BA4E-0247DFF199FC}.Release|x86.Deploy.0 = Release|Win32
		{6390F709-75EA-4D03-A99E-AF31E2545E4E}.Debug|x64.ActiveCfg = Debug|x64
		{6390F709-75EA-4D03-A99E-AF31E2545E4E}.Debug|x64.Build.0 = Debug|x64
		{6390F709-75EA-4D03-A99E-AF31E2545E4E}.Debug|x86.ActiveCfg = Debug|Win32
		{6390F709-75EA-4D03-A99E-AF31E2545E4E}.Debug|x86.Build.0 = Debug|Win32
		{6390F709-75EA-4D03-A99E-AF31E2545E4E}.Release|x64.ActiveCfg = Release|x64
		{6390F709-75EA-4D03-A99E-AF31E2545E4E}.Release|x64.Build.0 = Release|x64
		{6390F709-75EA-4D03-A99E-AF31E2545E4E}.Release|x86.ActiveCfg = Release|Win32
		{6390F709-75EA-4D03-A99E-AF31E2545E4E}.Release|x86.Build.0 = Release|Win32
		{BD1E61FB-055D-4EAF-87FE-276D9216F0E8}.Debug|x64.ActiveCfg = Debug|x64
		{BD1E61FB-055D-4EAF-87FE-276D9216F0E8}.Debug|x64.Build.0 = Debug|x64
		{BD1E61FB-055D-4EAF-87FE-276D9216F0E8}.Debug|x64.Deploy.0 = Debug|x64
		{BD1E61FB-055D-4EAF-87FE-276D9216F0E8}.Debug|x86.ActiveCfg = Debug|x86
		{BD1E61FB-055D-4EAF-87FE-276D9216F0E8}.Debug|x86.Build.0 = Debug|x86
		{BD1E61FB-055D-4EAF-87FE-276D9216F0E8}.Debug|x86.Deploy.0 = Debug|x86
		{BD1E61FB-055D-4EAF-87FE-276D9216F0E8}.Release|x64.ActiveCfg = Release|x64
		{BD1E61FB-055D-4EAF-87FE-276D9216F0E8}.Release|x64.Build.0 = Release|x64
		{BD1E61FB-055D-4EAF-87FE-276D9216F0E8}.Release|x64.Deploy.0 = Release|x64
		{BD1E61FB-055D-4EAF-87FE-276D9216F0E8}.Release|x86.ActiveCfg = Release|x86
		{BD1E61FB-055D-4EAF-87FE-276D9216F0E8}.Release|x86.Build.0 = Release|x86
		{BD1E61FB-055D-4EAF-87FE-276D9216F0E8}.Release|x86.Deploy.0 = Release|x86
	EndGlobalSection
	GlobalSection(SolutionProperties) = preSolution
		HideSolutionNode = FALSE
	EndGlobalSection
	GlobalSection(ExtensibilityGlobals) = postSolution
		SolutionGuid = {E272BEDD-3145-488E-984A-AA6DC5B7FA74}
	EndGlobalSection
EndGlobal
